
Microsoft Visual Studio Solution File, Format Version 12.00
# Visual Studio Version 17
VisualStudioVersion = 17.5.33530.505
MinimumVisualStudioVersion = 10.0.40219.1
Project("{9A19103F-16F7-4668-BE54-9A1E7A4F7556}") = "Crito", "Crito.csproj", "{DE9442FC-CA8B-43CF-A9F5-4E983A694901}"
EndProject
Global
	GlobalSection(SolutionConfigurationPlatforms) = preSolution
		Debug|Any CPU = Debug|Any CPU
		Release|Any CPU = Release|Any CPU
	EndGlobalSection
	GlobalSection(ProjectConfigurationPlatforms) = postSolution
		{DE9442FC-CA8B-43CF-A9F5-4E983A694901}.Debug|Any CPU.ActiveCfg = Debug|Any CPU
		{DE9442FC-CA8B-43CF-A9F5-4E983A694901}.Debug|Any CPU.Build.0 = Debug|Any CPU
		{DE9442FC-CA8B-43CF-A9F5-4E983A694901}.Release|Any CPU.ActiveCfg = Release|Any CPU
		{DE9442FC-CA8B-43CF-A9F5-4E983A694901}.Release|Any CPU.Build.0 = Release|Any CPU
	EndGlobalSection
	GlobalSection(SolutionProperties) = preSolution
		HideSolutionNode = FALSE
	EndGlobalSection
	GlobalSection(ExtensibilityGlobals) = postSolution
		SolutionGuid = {CF898767-FC02-48A5-B609-F0F74737954A}
	EndGlobalSection
EndGlobal
